// !$*UTF8*$!
{
	archiveVersion = 1;
	classes = {
	};
	objectVersion = 55;
	objects = {

/* Begin PBXBuildFile section */
		3ABE7B995BFA8AEDA556CC0D /* Pods_RxPokedex.framework in Frameworks */ = {isa = PBXBuildFile; fileRef = 61463F21331E6EAA363CEFC5 /* Pods_RxPokedex.framework */; };
		4A710A9B3AA3408B90A3F101 /* Pods_RxPokedex_RxPokedexUITests.framework in Frameworks */ = {isa = PBXBuildFile; fileRef = 1A10F551DCDDBCEB09CD8363 /* Pods_RxPokedex_RxPokedexUITests.framework */; };
		4CC9FBB720F76956516C05A0 /* Pods_RxPokedexTests.framework in Frameworks */ = {isa = PBXBuildFile; fileRef = 3F2523C2C1DB67DD2850CEEC /* Pods_RxPokedexTests.framework */; };
		8318A8BC293BF8EF003F6EA7 /* PokemonViewViewModel.swift in Sources */ = {isa = PBXBuildFile; fileRef = 8318A8BB293BF8EF003F6EA7 /* PokemonViewViewModel.swift */; };
		83920FA0293449CD003111EF /* HTTPClient.swift in Sources */ = {isa = PBXBuildFile; fileRef = 83920F9F293449CD003111EF /* HTTPClient.swift */; };
		83920FA22934526B003111EF /* URLSessionHTTPClient.swift in Sources */ = {isa = PBXBuildFile; fileRef = 83920FA12934526B003111EF /* URLSessionHTTPClient.swift */; };
		83920FA4293453E1003111EF /* HTTPClientError.swift in Sources */ = {isa = PBXBuildFile; fileRef = 83920FA3293453E1003111EF /* HTTPClientError.swift */; };
		83920FA7293454EB003111EF /* PokemonView.swift in Sources */ = {isa = PBXBuildFile; fileRef = 83920FA5293454EB003111EF /* PokemonView.swift */; };
		83920FA8293454EB003111EF /* PokemonView.xib in Resources */ = {isa = PBXBuildFile; fileRef = 83920FA6293454EB003111EF /* PokemonView.xib */; };
		83920FAC29345E97003111EF /* Endpoint.swift in Sources */ = {isa = PBXBuildFile; fileRef = 83920FAB29345E97003111EF /* Endpoint.swift */; };
		83920FAE29345FEC003111EF /* PokemonListEndpoint.swift in Sources */ = {isa = PBXBuildFile; fileRef = 83920FAD29345FEC003111EF /* PokemonListEndpoint.swift */; };
		83920FB0293460AA003111EF /* Pokemon.swift in Sources */ = {isa = PBXBuildFile; fileRef = 83920FAF293460AA003111EF /* Pokemon.swift */; };
		83920FB229346490003111EF /* GetPokemonListUseCase.swift in Sources */ = {isa = PBXBuildFile; fileRef = 83920FB129346490003111EF /* GetPokemonListUseCase.swift */; };
		83920FB4293464FD003111EF /* PokemonListRepository.swift in Sources */ = {isa = PBXBuildFile; fileRef = 83920FB3293464FD003111EF /* PokemonListRepository.swift */; };
		83920FB629346E16003111EF /* PokemonListRepositoryImp.swift in Sources */ = {isa = PBXBuildFile; fileRef = 83920FB529346E16003111EF /* PokemonListRepositoryImp.swift */; };
		83920FBA29347FD9003111EF /* GetPokemonListUseCaseImp.swift in Sources */ = {isa = PBXBuildFile; fileRef = 83920FB929347FD9003111EF /* GetPokemonListUseCaseImp.swift */; };
		83920FBC29348073003111EF /* PokemonListViewModel.swift in Sources */ = {isa = PBXBuildFile; fileRef = 83920FBB29348073003111EF /* PokemonListViewModel.swift */; };
		83AB4FDC293C19DD0055F64E /* PokemonDetailViewController.swift in Sources */ = {isa = PBXBuildFile; fileRef = 83AB4FDB293C19DD0055F64E /* PokemonDetailViewController.swift */; };
		83F7850B293C207500B3D203 /* DetailFactory.swift in Sources */ = {isa = PBXBuildFile; fileRef = 83F7850A293C207500B3D203 /* DetailFactory.swift */; };
		83F7850F293C2C6B00B3D203 /* PokemonDetailViewModel.swift in Sources */ = {isa = PBXBuildFile; fileRef = 83F7850E293C2C6B00B3D203 /* PokemonDetailViewModel.swift */; };
		83F78511293C307F00B3D203 /* PokemonDetail.swift in Sources */ = {isa = PBXBuildFile; fileRef = 83F78510293C307F00B3D203 /* PokemonDetail.swift */; };
		83F78513293C30D500B3D203 /* GetPokemonDetailUseCase.swift in Sources */ = {isa = PBXBuildFile; fileRef = 83F78512293C30D500B3D203 /* GetPokemonDetailUseCase.swift */; };
		83F78515293C312100B3D203 /* PokemonDetailRepository.swift in Sources */ = {isa = PBXBuildFile; fileRef = 83F78514293C312100B3D203 /* PokemonDetailRepository.swift */; };
		83F78517293C317D00B3D203 /* PokemonDetailEndpoint.swift in Sources */ = {isa = PBXBuildFile; fileRef = 83F78516293C317D00B3D203 /* PokemonDetailEndpoint.swift */; };
		83F78519293C324500B3D203 /* PokemonDetailRepositoryImp.swift in Sources */ = {isa = PBXBuildFile; fileRef = 83F78518293C324500B3D203 /* PokemonDetailRepositoryImp.swift */; };
		83F7851B293C33F700B3D203 /* GetPokemonDetailUseCaseImp.swift in Sources */ = {isa = PBXBuildFile; fileRef = 83F7851A293C33F700B3D203 /* GetPokemonDetailUseCaseImp.swift */; };
		91147D6F29314B91003C3265 /* Coordinator.swift in Sources */ = {isa = PBXBuildFile; fileRef = 91147D6E29314B91003C3265 /* Coordinator.swift */; };
		91147D7129314C2A003C3265 /* HomeCoordinator.swift in Sources */ = {isa = PBXBuildFile; fileRef = 91147D7029314C2A003C3265 /* HomeCoordinator.swift */; };
		91147D7629314F85003C3265 /* HomeFactory.swift in Sources */ = {isa = PBXBuildFile; fileRef = 91147D7529314F85003C3265 /* HomeFactory.swift */; };
		9183DE71292E903B00852098 /* HomeViewController.swift in Sources */ = {isa = PBXBuildFile; fileRef = 9183DE70292E903B00852098 /* HomeViewController.swift */; };
		91E3E109292E855C000B9954 /* AppDelegate.swift in Sources */ = {isa = PBXBuildFile; fileRef = 91E3E108292E855C000B9954 /* AppDelegate.swift */; };
		91E3E10B292E855C000B9954 /* SceneDelegate.swift in Sources */ = {isa = PBXBuildFile; fileRef = 91E3E10A292E855C000B9954 /* SceneDelegate.swift */; };
		91E3E112292E855E000B9954 /* Assets.xcassets in Resources */ = {isa = PBXBuildFile; fileRef = 91E3E111292E855E000B9954 /* Assets.xcassets */; };
		91E3E115292E855E000B9954 /* LaunchScreen.storyboard in Resources */ = {isa = PBXBuildFile; fileRef = 91E3E113292E855E000B9954 /* LaunchScreen.storyboard */; };
		91E3E120292E855F000B9954 /* RxPokedexTests.swift in Sources */ = {isa = PBXBuildFile; fileRef = 91E3E11F292E855F000B9954 /* RxPokedexTests.swift */; };
		91E3E12A292E855F000B9954 /* RxPokedexUITests.swift in Sources */ = {isa = PBXBuildFile; fileRef = 91E3E129292E855F000B9954 /* RxPokedexUITests.swift */; };
		91E3E12C292E855F000B9954 /* RxPokedexUITestsLaunchTests.swift in Sources */ = {isa = PBXBuildFile; fileRef = 91E3E12B292E855F000B9954 /* RxPokedexUITestsLaunchTests.swift */; };
/* End PBXBuildFile section */

/* Begin PBXContainerItemProxy section */
		91E3E11C292E855F000B9954 /* PBXContainerItemProxy */ = {
			isa = PBXContainerItemProxy;
			containerPortal = 91E3E0FD292E855C000B9954 /* Project object */;
			proxyType = 1;
			remoteGlobalIDString = 91E3E104292E855C000B9954;
			remoteInfo = RxPokedex;
		};
		91E3E126292E855F000B9954 /* PBXContainerItemProxy */ = {
			isa = PBXContainerItemProxy;
			containerPortal = 91E3E0FD292E855C000B9954 /* Project object */;
			proxyType = 1;
			remoteGlobalIDString = 91E3E104292E855C000B9954;
			remoteInfo = RxPokedex;
		};
/* End PBXContainerItemProxy section */

/* Begin PBXFileReference section */
		1A10F551DCDDBCEB09CD8363 /* Pods_RxPokedex_RxPokedexUITests.framework */ = {isa = PBXFileReference; explicitFileType = wrapper.framework; includeInIndex = 0; path = Pods_RxPokedex_RxPokedexUITests.framework; sourceTree = BUILT_PRODUCTS_DIR; };
		3F2523C2C1DB67DD2850CEEC /* Pods_RxPokedexTests.framework */ = {isa = PBXFileReference; explicitFileType = wrapper.framework; includeInIndex = 0; path = Pods_RxPokedexTests.framework; sourceTree = BUILT_PRODUCTS_DIR; };
		4266DB437D442B0032E3BF2D /* Pods-RxPokedex.debug.xcconfig */ = {isa = PBXFileReference; includeInIndex = 1; lastKnownFileType = text.xcconfig; name = "Pods-RxPokedex.debug.xcconfig"; path = "Target Support Files/Pods-RxPokedex/Pods-RxPokedex.debug.xcconfig"; sourceTree = "<group>"; };
		61463F21331E6EAA363CEFC5 /* Pods_RxPokedex.framework */ = {isa = PBXFileReference; explicitFileType = wrapper.framework; includeInIndex = 0; path = Pods_RxPokedex.framework; sourceTree = BUILT_PRODUCTS_DIR; };
		7F06515750AED9A4D31392C9 /* Pods-RxPokedexTests.release.xcconfig */ = {isa = PBXFileReference; includeInIndex = 1; lastKnownFileType = text.xcconfig; name = "Pods-RxPokedexTests.release.xcconfig"; path = "Target Support Files/Pods-RxPokedexTests/Pods-RxPokedexTests.release.xcconfig"; sourceTree = "<group>"; };
		8318A8BB293BF8EF003F6EA7 /* PokemonViewViewModel.swift */ = {isa = PBXFileReference; lastKnownFileType = sourcecode.swift; name = PokemonViewViewModel.swift; path = RxPokedex/Home/Data/PokemonViewViewModel.swift; sourceTree = SOURCE_ROOT; };
		83920F9F293449CD003111EF /* HTTPClient.swift */ = {isa = PBXFileReference; lastKnownFileType = sourcecode.swift; path = HTTPClient.swift; sourceTree = "<group>"; };
		83920FA12934526B003111EF /* URLSessionHTTPClient.swift */ = {isa = PBXFileReference; lastKnownFileType = sourcecode.swift; path = URLSessionHTTPClient.swift; sourceTree = "<group>"; };
		83920FA3293453E1003111EF /* HTTPClientError.swift */ = {isa = PBXFileReference; lastKnownFileType = sourcecode.swift; path = HTTPClientError.swift; sourceTree = "<group>"; };
		83920FA5293454EB003111EF /* PokemonView.swift */ = {isa = PBXFileReference; lastKnownFileType = sourcecode.swift; path = PokemonView.swift; sourceTree = "<group>"; };
		83920FA6293454EB003111EF /* PokemonView.xib */ = {isa = PBXFileReference; lastKnownFileType = file.xib; path = PokemonView.xib; sourceTree = "<group>"; };
		83920FAB29345E97003111EF /* Endpoint.swift */ = {isa = PBXFileReference; lastKnownFileType = sourcecode.swift; path = Endpoint.swift; sourceTree = "<group>"; };
		83920FAD29345FEC003111EF /* PokemonListEndpoint.swift */ = {isa = PBXFileReference; lastKnownFileType = sourcecode.swift; path = PokemonListEndpoint.swift; sourceTree = "<group>"; };
		83920FAF293460AA003111EF /* Pokemon.swift */ = {isa = PBXFileReference; lastKnownFileType = sourcecode.swift; path = Pokemon.swift; sourceTree = "<group>"; };
		83920FB129346490003111EF /* GetPokemonListUseCase.swift */ = {isa = PBXFileReference; lastKnownFileType = sourcecode.swift; path = GetPokemonListUseCase.swift; sourceTree = "<group>"; };
		83920FB3293464FD003111EF /* PokemonListRepository.swift */ = {isa = PBXFileReference; lastKnownFileType = sourcecode.swift; path = PokemonListRepository.swift; sourceTree = "<group>"; };
		83920FB529346E16003111EF /* PokemonListRepositoryImp.swift */ = {isa = PBXFileReference; lastKnownFileType = sourcecode.swift; path = PokemonListRepositoryImp.swift; sourceTree = "<group>"; };
		83920FB929347FD9003111EF /* GetPokemonListUseCaseImp.swift */ = {isa = PBXFileReference; lastKnownFileType = sourcecode.swift; path = GetPokemonListUseCaseImp.swift; sourceTree = "<group>"; };
		83920FBB29348073003111EF /* PokemonListViewModel.swift */ = {isa = PBXFileReference; lastKnownFileType = sourcecode.swift; name = PokemonListViewModel.swift; path = RxPokedex/Home/Data/PokemonListViewModel.swift; sourceTree = SOURCE_ROOT; };
		83AB4FDB293C19DD0055F64E /* PokemonDetailViewController.swift */ = {isa = PBXFileReference; lastKnownFileType = sourcecode.swift; path = PokemonDetailViewController.swift; sourceTree = "<group>"; };
		83F7850A293C207500B3D203 /* DetailFactory.swift */ = {isa = PBXFileReference; lastKnownFileType = sourcecode.swift; path = DetailFactory.swift; sourceTree = "<group>"; };
		83F7850E293C2C6B00B3D203 /* PokemonDetailViewModel.swift */ = {isa = PBXFileReference; lastKnownFileType = sourcecode.swift; path = PokemonDetailViewModel.swift; sourceTree = "<group>"; };
		83F78510293C307F00B3D203 /* PokemonDetail.swift */ = {isa = PBXFileReference; lastKnownFileType = sourcecode.swift; path = PokemonDetail.swift; sourceTree = "<group>"; };
		83F78512293C30D500B3D203 /* GetPokemonDetailUseCase.swift */ = {isa = PBXFileReference; lastKnownFileType = sourcecode.swift; path = GetPokemonDetailUseCase.swift; sourceTree = "<group>"; };
		83F78514293C312100B3D203 /* PokemonDetailRepository.swift */ = {isa = PBXFileReference; lastKnownFileType = sourcecode.swift; path = PokemonDetailRepository.swift; sourceTree = "<group>"; };
		83F78516293C317D00B3D203 /* PokemonDetailEndpoint.swift */ = {isa = PBXFileReference; lastKnownFileType = sourcecode.swift; path = PokemonDetailEndpoint.swift; sourceTree = "<group>"; };
		83F78518293C324500B3D203 /* PokemonDetailRepositoryImp.swift */ = {isa = PBXFileReference; lastKnownFileType = sourcecode.swift; path = PokemonDetailRepositoryImp.swift; sourceTree = "<group>"; };
		83F7851A293C33F700B3D203 /* GetPokemonDetailUseCaseImp.swift */ = {isa = PBXFileReference; lastKnownFileType = sourcecode.swift; path = GetPokemonDetailUseCaseImp.swift; sourceTree = "<group>"; };
		91147D6E29314B91003C3265 /* Coordinator.swift */ = {isa = PBXFileReference; lastKnownFileType = sourcecode.swift; path = Coordinator.swift; sourceTree = "<group>"; };
		91147D7029314C2A003C3265 /* HomeCoordinator.swift */ = {isa = PBXFileReference; lastKnownFileType = sourcecode.swift; path = HomeCoordinator.swift; sourceTree = "<group>"; };
		91147D7529314F85003C3265 /* HomeFactory.swift */ = {isa = PBXFileReference; lastKnownFileType = sourcecode.swift; path = HomeFactory.swift; sourceTree = "<group>"; };
		9183DE70292E903B00852098 /* HomeViewController.swift */ = {isa = PBXFileReference; lastKnownFileType = sourcecode.swift; path = HomeViewController.swift; sourceTree = "<group>"; };
		91E3E105292E855C000B9954 /* RxPokedex.app */ = {isa = PBXFileReference; explicitFileType = wrapper.application; includeInIndex = 0; path = RxPokedex.app; sourceTree = BUILT_PRODUCTS_DIR; };
		91E3E108292E855C000B9954 /* AppDelegate.swift */ = {isa = PBXFileReference; lastKnownFileType = sourcecode.swift; path = AppDelegate.swift; sourceTree = "<group>"; };
		91E3E10A292E855C000B9954 /* SceneDelegate.swift */ = {isa = PBXFileReference; lastKnownFileType = sourcecode.swift; path = SceneDelegate.swift; sourceTree = "<group>"; };
		91E3E111292E855E000B9954 /* Assets.xcassets */ = {isa = PBXFileReference; lastKnownFileType = folder.assetcatalog; path = Assets.xcassets; sourceTree = "<group>"; };
		91E3E114292E855E000B9954 /* Base */ = {isa = PBXFileReference; lastKnownFileType = file.storyboard; name = Base; path = Base.lproj/LaunchScreen.storyboard; sourceTree = "<group>"; };
		91E3E116292E855E000B9954 /* Info.plist */ = {isa = PBXFileReference; lastKnownFileType = text.plist.xml; path = Info.plist; sourceTree = "<group>"; };
		91E3E11B292E855F000B9954 /* RxPokedexTests.xctest */ = {isa = PBXFileReference; explicitFileType = wrapper.cfbundle; includeInIndex = 0; path = RxPokedexTests.xctest; sourceTree = BUILT_PRODUCTS_DIR; };
		91E3E11F292E855F000B9954 /* RxPokedexTests.swift */ = {isa = PBXFileReference; lastKnownFileType = sourcecode.swift; path = RxPokedexTests.swift; sourceTree = "<group>"; };
		91E3E125292E855F000B9954 /* RxPokedexUITests.xctest */ = {isa = PBXFileReference; explicitFileType = wrapper.cfbundle; includeInIndex = 0; path = RxPokedexUITests.xctest; sourceTree = BUILT_PRODUCTS_DIR; };
		91E3E129292E855F000B9954 /* RxPokedexUITests.swift */ = {isa = PBXFileReference; lastKnownFileType = sourcecode.swift; path = RxPokedexUITests.swift; sourceTree = "<group>"; };
		91E3E12B292E855F000B9954 /* RxPokedexUITestsLaunchTests.swift */ = {isa = PBXFileReference; lastKnownFileType = sourcecode.swift; path = RxPokedexUITestsLaunchTests.swift; sourceTree = "<group>"; };
		A7F89EC678B8454BE0885B1B /* Pods-RxPokedex-RxPokedexUITests.debug.xcconfig */ = {isa = PBXFileReference; includeInIndex = 1; lastKnownFileType = text.xcconfig; name = "Pods-RxPokedex-RxPokedexUITests.debug.xcconfig"; path = "Target Support Files/Pods-RxPokedex-RxPokedexUITests/Pods-RxPokedex-RxPokedexUITests.debug.xcconfig"; sourceTree = "<group>"; };
		AC1D95534CE63C99F964F4A5 /* Pods-RxPokedex-RxPokedexUITests.release.xcconfig */ = {isa = PBXFileReference; includeInIndex = 1; lastKnownFileType = text.xcconfig; name = "Pods-RxPokedex-RxPokedexUITests.release.xcconfig"; path = "Target Support Files/Pods-RxPokedex-RxPokedexUITests/Pods-RxPokedex-RxPokedexUITests.release.xcconfig"; sourceTree = "<group>"; };
		CC15900B2561E703AAD53302 /* Pods-RxPokedex.release.xcconfig */ = {isa = PBXFileReference; includeInIndex = 1; lastKnownFileType = text.xcconfig; name = "Pods-RxPokedex.release.xcconfig"; path = "Target Support Files/Pods-RxPokedex/Pods-RxPokedex.release.xcconfig"; sourceTree = "<group>"; };
		FF5BB0A63B5AC66B041A3F25 /* Pods-RxPokedexTests.debug.xcconfig */ = {isa = PBXFileReference; includeInIndex = 1; lastKnownFileType = text.xcconfig; name = "Pods-RxPokedexTests.debug.xcconfig"; path = "Target Support Files/Pods-RxPokedexTests/Pods-RxPokedexTests.debug.xcconfig"; sourceTree = "<group>"; };
/* End PBXFileReference section */

/* Begin PBXFrameworksBuildPhase section */
		91E3E102292E855C000B9954 /* Frameworks */ = {
			isa = PBXFrameworksBuildPhase;
			buildActionMask = 2147483647;
			files = (
				3ABE7B995BFA8AEDA556CC0D /* Pods_RxPokedex.framework in Frameworks */,
			);
			runOnlyForDeploymentPostprocessing = 0;
		};
		91E3E118292E855F000B9954 /* Frameworks */ = {
			isa = PBXFrameworksBuildPhase;
			buildActionMask = 2147483647;
			files = (
				4CC9FBB720F76956516C05A0 /* Pods_RxPokedexTests.framework in Frameworks */,
			);
			runOnlyForDeploymentPostprocessing = 0;
		};
		91E3E122292E855F000B9954 /* Frameworks */ = {
			isa = PBXFrameworksBuildPhase;
			buildActionMask = 2147483647;
			files = (
				4A710A9B3AA3408B90A3F101 /* Pods_RxPokedex_RxPokedexUITests.framework in Frameworks */,
			);
			runOnlyForDeploymentPostprocessing = 0;
		};
/* End PBXFrameworksBuildPhase section */

/* Begin PBXGroup section */
		2F1238CA42A378A2710AF3A1 /* Frameworks */ = {
			isa = PBXGroup;
			children = (
				61463F21331E6EAA363CEFC5 /* Pods_RxPokedex.framework */,
				1A10F551DCDDBCEB09CD8363 /* Pods_RxPokedex_RxPokedexUITests.framework */,
				3F2523C2C1DB67DD2850CEEC /* Pods_RxPokedexTests.framework */,
			);
			name = Frameworks;
			sourceTree = "<group>";
		};
		83920F9E293449A2003111EF /* Networking */ = {
			isa = PBXGroup;
			children = (
				83920F9F293449CD003111EF /* HTTPClient.swift */,
				83920FA12934526B003111EF /* URLSessionHTTPClient.swift */,
				83920FA3293453E1003111EF /* HTTPClientError.swift */,
				83920FAB29345E97003111EF /* Endpoint.swift */,
			);
			path = Networking;
			sourceTree = "<group>";
		};
		83920FA929345E38003111EF /* Data */ = {
			isa = PBXGroup;
			children = (
				83920FAD29345FEC003111EF /* PokemonListEndpoint.swift */,
				83920FB529346E16003111EF /* PokemonListRepositoryImp.swift */,
				83920FB929347FD9003111EF /* GetPokemonListUseCaseImp.swift */,
			);
			path = Data;
			sourceTree = "<group>";
		};
		83920FAA29345E4A003111EF /* Domain */ = {
			isa = PBXGroup;
			children = (
				83920FAF293460AA003111EF /* Pokemon.swift */,
				83920FB129346490003111EF /* GetPokemonListUseCase.swift */,
				83920FB3293464FD003111EF /* PokemonListRepository.swift */,
			);
			path = Domain;
			sourceTree = "<group>";
		};
		83AB4FD5293C19780055F64E /* Detail */ = {
			isa = PBXGroup;
			children = (
				83AB4FD7293C198E0055F64E /* Data */,
				83AB4FD6293C19880055F64E /* Domain */,
				83AB4FD8293C19940055F64E /* Presentation */,
			);
			path = Detail;
			sourceTree = "<group>";
		};
		83AB4FD6293C19880055F64E /* Domain */ = {
			isa = PBXGroup;
			children = (
				83F78510293C307F00B3D203 /* PokemonDetail.swift */,
				83F78512293C30D500B3D203 /* GetPokemonDetailUseCase.swift */,
				83F78514293C312100B3D203 /* PokemonDetailRepository.swift */,
			);
			path = Domain;
			sourceTree = "<group>";
		};
		83AB4FD7293C198E0055F64E /* Data */ = {
			isa = PBXGroup;
			children = (
				83F78516293C317D00B3D203 /* PokemonDetailEndpoint.swift */,
				83F78518293C324500B3D203 /* PokemonDetailRepositoryImp.swift */,
				83F7851A293C33F700B3D203 /* GetPokemonDetailUseCaseImp.swift */,
			);
			path = Data;
			sourceTree = "<group>";
		};
		83AB4FD8293C19940055F64E /* Presentation */ = {
			isa = PBXGroup;
			children = (
				83AB4FDA293C19B70055F64E /* ViewModels */,
				83AB4FD9293C19A70055F64E /* Views */,
			);
			path = Presentation;
			sourceTree = "<group>";
		};
		83AB4FD9293C19A70055F64E /* Views */ = {
			isa = PBXGroup;
			children = (
				83F78507293C204200B3D203 /* Navigation */,
				83AB4FDB293C19DD0055F64E /* PokemonDetailViewController.swift */,
			);
			path = Views;
			sourceTree = "<group>";
		};
		83AB4FDA293C19B70055F64E /* ViewModels */ = {
			isa = PBXGroup;
			children = (
				83F7850E293C2C6B00B3D203 /* PokemonDetailViewModel.swift */,
			);
			path = ViewModels;
			sourceTree = "<group>";
		};
		83F78507293C204200B3D203 /* Navigation */ = {
			isa = PBXGroup;
			children = (
				83F78508293C204A00B3D203 /* Coordinator */,
				83F78509293C205200B3D203 /* Factory */,
			);
			path = Navigation;
			sourceTree = "<group>";
		};
		83F78508293C204A00B3D203 /* Coordinator */ = {
			isa = PBXGroup;
			children = (
			);
			path = Coordinator;
			sourceTree = "<group>";
		};
		83F78509293C205200B3D203 /* Factory */ = {
			isa = PBXGroup;
			children = (
				83F7850A293C207500B3D203 /* DetailFactory.swift */,
			);
			path = Factory;
			sourceTree = "<group>";
		};
		91147D6C29314B58003C3265 /* Core */ = {
			isa = PBXGroup;
			children = (
				91147D6E29314B91003C3265 /* Coordinator.swift */,
				83920F9E293449A2003111EF /* Networking */,
			);
			path = Core;
			sourceTree = "<group>";
		};
		91147D7229314EAE003C3265 /* Factory */ = {
			isa = PBXGroup;
			children = (
				91147D7529314F85003C3265 /* HomeFactory.swift */,
			);
			path = Factory;
			sourceTree = "<group>";
		};
		91147D7329314EBD003C3265 /* Navigation */ = {
			isa = PBXGroup;
			children = (
				91147D7429314ED9003C3265 /* Coordinator */,
				91147D7229314EAE003C3265 /* Factory */,
			);
			path = Navigation;
			sourceTree = "<group>";
		};
		91147D7429314ED9003C3265 /* Coordinator */ = {
			isa = PBXGroup;
			children = (
				91147D7029314C2A003C3265 /* HomeCoordinator.swift */,
			);
			path = Coordinator;
			sourceTree = "<group>";
		};
		91147D7729316FC2003C3265 /* PokemonCell */ = {
			isa = PBXGroup;
			children = (
				83920FA5293454EB003111EF /* PokemonView.swift */,
				83920FA6293454EB003111EF /* PokemonView.xib */,
			);
			path = PokemonCell;
			sourceTree = "<group>";
		};
		9183DE6C292E8FD600852098 /* Home */ = {
			isa = PBXGroup;
			children = (
				83920FAA29345E4A003111EF /* Domain */,
				83920FA929345E38003111EF /* Data */,
				9183DE6D292E8FF300852098 /* Presentation */,
			);
			path = Home;
			sourceTree = "<group>";
		};
		9183DE6D292E8FF300852098 /* Presentation */ = {
			isa = PBXGroup;
			children = (
				9183DE6E292E900900852098 /* ViewModel */,
				9183DE6F292E901600852098 /* Views */,
			);
			path = Presentation;
			sourceTree = "<group>";
		};
		9183DE6E292E900900852098 /* ViewModel */ = {
			isa = PBXGroup;
			children = (
				83920FBB29348073003111EF /* PokemonListViewModel.swift */,
				8318A8BB293BF8EF003F6EA7 /* PokemonViewViewModel.swift */,
			);
			path = ViewModel;
			sourceTree = "<group>";
		};
		9183DE6F292E901600852098 /* Views */ = {
			isa = PBXGroup;
			children = (
				91147D7729316FC2003C3265 /* PokemonCell */,
				91147D7329314EBD003C3265 /* Navigation */,
				9183DE70292E903B00852098 /* HomeViewController.swift */,
			);
			path = Views;
			sourceTree = "<group>";
		};
		91E3E0FC292E855C000B9954 = {
			isa = PBXGroup;
			children = (
				91E3E107292E855C000B9954 /* RxPokedex */,
				91E3E11E292E855F000B9954 /* RxPokedexTests */,
				91E3E128292E855F000B9954 /* RxPokedexUITests */,
				91E3E106292E855C000B9954 /* Products */,
				CB5CC96D638A3FC017DD651C /* Pods */,
				2F1238CA42A378A2710AF3A1 /* Frameworks */,
			);
			sourceTree = "<group>";
		};
		91E3E106292E855C000B9954 /* Products */ = {
			isa = PBXGroup;
			children = (
				91E3E105292E855C000B9954 /* RxPokedex.app */,
				91E3E11B292E855F000B9954 /* RxPokedexTests.xctest */,
				91E3E125292E855F000B9954 /* RxPokedexUITests.xctest */,
			);
			name = Products;
			sourceTree = "<group>";
		};
		91E3E107292E855C000B9954 /* RxPokedex */ = {
			isa = PBXGroup;
			children = (
				91147D6C29314B58003C3265 /* Core */,
				9183DE6C292E8FD600852098 /* Home */,
				83AB4FD5293C19780055F64E /* Detail */,
				91E3E108292E855C000B9954 /* AppDelegate.swift */,
				91E3E10A292E855C000B9954 /* SceneDelegate.swift */,
				91E3E111292E855E000B9954 /* Assets.xcassets */,
				91E3E113292E855E000B9954 /* LaunchScreen.storyboard */,
				91E3E116292E855E000B9954 /* Info.plist */,
			);
			path = RxPokedex;
			sourceTree = "<group>";
		};
		91E3E11E292E855F000B9954 /* RxPokedexTests */ = {
			isa = PBXGroup;
			children = (
				91E3E11F292E855F000B9954 /* RxPokedexTests.swift */,
			);
			path = RxPokedexTests;
			sourceTree = "<group>";
		};
		91E3E128292E855F000B9954 /* RxPokedexUITests */ = {
			isa = PBXGroup;
			children = (
				91E3E129292E855F000B9954 /* RxPokedexUITests.swift */,
				91E3E12B292E855F000B9954 /* RxPokedexUITestsLaunchTests.swift */,
			);
			path = RxPokedexUITests;
			sourceTree = "<group>";
		};
		CB5CC96D638A3FC017DD651C /* Pods */ = {
			isa = PBXGroup;
			children = (
				4266DB437D442B0032E3BF2D /* Pods-RxPokedex.debug.xcconfig */,
				CC15900B2561E703AAD53302 /* Pods-RxPokedex.release.xcconfig */,
				A7F89EC678B8454BE0885B1B /* Pods-RxPokedex-RxPokedexUITests.debug.xcconfig */,
				AC1D95534CE63C99F964F4A5 /* Pods-RxPokedex-RxPokedexUITests.release.xcconfig */,
				FF5BB0A63B5AC66B041A3F25 /* Pods-RxPokedexTests.debug.xcconfig */,
				7F06515750AED9A4D31392C9 /* Pods-RxPokedexTests.release.xcconfig */,
			);
			path = Pods;
			sourceTree = "<group>";
		};
/* End PBXGroup section */

/* Begin PBXNativeTarget section */
		91E3E104292E855C000B9954 /* RxPokedex */ = {
			isa = PBXNativeTarget;
			buildConfigurationList = 91E3E12F292E855F000B9954 /* Build configuration list for PBXNativeTarget "RxPokedex" */;
			buildPhases = (
				DB71D98FB12F30FE1D94A3A9 /* [CP] Check Pods Manifest.lock */,
				91E3E101292E855C000B9954 /* Sources */,
				91E3E102292E855C000B9954 /* Frameworks */,
				91E3E103292E855C000B9954 /* Resources */,
				4F5961E1393B61452AB81F7E /* [CP] Embed Pods Frameworks */,
			);
			buildRules = (
			);
			dependencies = (
			);
			name = RxPokedex;
			productName = RxPokedex;
			productReference = 91E3E105292E855C000B9954 /* RxPokedex.app */;
			productType = "com.apple.product-type.application";
		};
		91E3E11A292E855F000B9954 /* RxPokedexTests */ = {
			isa = PBXNativeTarget;
			buildConfigurationList = 91E3E132292E855F000B9954 /* Build configuration list for PBXNativeTarget "RxPokedexTests" */;
			buildPhases = (
				C3D7E0BC12A3669CCBE9B6A9 /* [CP] Check Pods Manifest.lock */,
				91E3E117292E855F000B9954 /* Sources */,
				91E3E118292E855F000B9954 /* Frameworks */,
				91E3E119292E855F000B9954 /* Resources */,
			);
			buildRules = (
			);
			dependencies = (
				91E3E11D292E855F000B9954 /* PBXTargetDependency */,
			);
			name = RxPokedexTests;
			productName = RxPokedexTests;
			productReference = 91E3E11B292E855F000B9954 /* RxPokedexTests.xctest */;
			productType = "com.apple.product-type.bundle.unit-test";
		};
		91E3E124292E855F000B9954 /* RxPokedexUITests */ = {
			isa = PBXNativeTarget;
			buildConfigurationList = 91E3E135292E855F000B9954 /* Build configuration list for PBXNativeTarget "RxPokedexUITests" */;
			buildPhases = (
				F3D43F8A1B5E48B7E974A7FD /* [CP] Check Pods Manifest.lock */,
				91E3E121292E855F000B9954 /* Sources */,
				91E3E122292E855F000B9954 /* Frameworks */,
				91E3E123292E855F000B9954 /* Resources */,
				A1631B9459A62DDC579D89D0 /* [CP] Embed Pods Frameworks */,
			);
			buildRules = (
			);
			dependencies = (
				91E3E127292E855F000B9954 /* PBXTargetDependency */,
			);
			name = RxPokedexUITests;
			productName = RxPokedexUITests;
			productReference = 91E3E125292E855F000B9954 /* RxPokedexUITests.xctest */;
			productType = "com.apple.product-type.bundle.ui-testing";
		};
/* End PBXNativeTarget section */

/* Begin PBXProject section */
		91E3E0FD292E855C000B9954 /* Project object */ = {
			isa = PBXProject;
			attributes = {
				BuildIndependentTargetsInParallel = 1;
				LastSwiftUpdateCheck = 1410;
				LastUpgradeCheck = 1410;
				TargetAttributes = {
					91E3E104292E855C000B9954 = {
						CreatedOnToolsVersion = 14.1;
					};
					91E3E11A292E855F000B9954 = {
						CreatedOnToolsVersion = 14.1;
						TestTargetID = 91E3E104292E855C000B9954;
					};
					91E3E124292E855F000B9954 = {
						CreatedOnToolsVersion = 14.1;
						TestTargetID = 91E3E104292E855C000B9954;
					};
				};
			};
			buildConfigurationList = 91E3E100292E855C000B9954 /* Build configuration list for PBXProject "RxPokedex" */;
			compatibilityVersion = "Xcode 13.0";
			developmentRegion = en;
			hasScannedForEncodings = 0;
			knownRegions = (
				en,
				Base,
			);
			mainGroup = 91E3E0FC292E855C000B9954;
			productRefGroup = 91E3E106292E855C000B9954 /* Products */;
			projectDirPath = "";
			projectRoot = "";
			targets = (
				91E3E104292E855C000B9954 /* RxPokedex */,
				91E3E11A292E855F000B9954 /* RxPokedexTests */,
				91E3E124292E855F000B9954 /* RxPokedexUITests */,
			);
		};
/* End PBXProject section */

/* Begin PBXResourcesBuildPhase section */
		91E3E103292E855C000B9954 /* Resources */ = {
			isa = PBXResourcesBuildPhase;
			buildActionMask = 2147483647;
			files = (
				83920FA8293454EB003111EF /* PokemonView.xib in Resources */,
				91E3E115292E855E000B9954 /* LaunchScreen.storyboard in Resources */,
				91E3E112292E855E000B9954 /* Assets.xcassets in Resources */,
			);
			runOnlyForDeploymentPostprocessing = 0;
		};
		91E3E119292E855F000B9954 /* Resources */ = {
			isa = PBXResourcesBuildPhase;
			buildActionMask = 2147483647;
			files = (
			);
			runOnlyForDeploymentPostprocessing = 0;
		};
		91E3E123292E855F000B9954 /* Resources */ = {
			isa = PBXResourcesBuildPhase;
			buildActionMask = 2147483647;
			files = (
			);
			runOnlyForDeploymentPostprocessing = 0;
		};
/* End PBXResourcesBuildPhase section */

/* Begin PBXShellScriptBuildPhase section */
		4F5961E1393B61452AB81F7E /* [CP] Embed Pods Frameworks */ = {
			isa = PBXShellScriptBuildPhase;
			buildActionMask = 2147483647;
			files = (
			);
			inputFileListPaths = (
				"${PODS_ROOT}/Target Support Files/Pods-RxPokedex/Pods-RxPokedex-frameworks-${CONFIGURATION}-input-files.xcfilelist",
			);
			name = "[CP] Embed Pods Frameworks";
			outputFileListPaths = (
				"${PODS_ROOT}/Target Support Files/Pods-RxPokedex/Pods-RxPokedex-frameworks-${CONFIGURATION}-output-files.xcfilelist",
			);
			runOnlyForDeploymentPostprocessing = 0;
			shellPath = /bin/sh;
			shellScript = "\"${PODS_ROOT}/Target Support Files/Pods-RxPokedex/Pods-RxPokedex-frameworks.sh\"\n";
			showEnvVarsInLog = 0;
		};
		A1631B9459A62DDC579D89D0 /* [CP] Embed Pods Frameworks */ = {
			isa = PBXShellScriptBuildPhase;
			buildActionMask = 2147483647;
			files = (
			);
			inputFileListPaths = (
				"${PODS_ROOT}/Target Support Files/Pods-RxPokedex-RxPokedexUITests/Pods-RxPokedex-RxPokedexUITests-frameworks-${CONFIGURATION}-input-files.xcfilelist",
			);
			name = "[CP] Embed Pods Frameworks";
			outputFileListPaths = (
				"${PODS_ROOT}/Target Support Files/Pods-RxPokedex-RxPokedexUITests/Pods-RxPokedex-RxPokedexUITests-frameworks-${CONFIGURATION}-output-files.xcfilelist",
			);
			runOnlyForDeploymentPostprocessing = 0;
			shellPath = /bin/sh;
			shellScript = "\"${PODS_ROOT}/Target Support Files/Pods-RxPokedex-RxPokedexUITests/Pods-RxPokedex-RxPokedexUITests-frameworks.sh\"\n";
			showEnvVarsInLog = 0;
		};
		C3D7E0BC12A3669CCBE9B6A9 /* [CP] Check Pods Manifest.lock */ = {
			isa = PBXShellScriptBuildPhase;
			buildActionMask = 2147483647;
			files = (
			);
			inputFileListPaths = (
			);
			inputPaths = (
				"${PODS_PODFILE_DIR_PATH}/Podfile.lock",
				"${PODS_ROOT}/Manifest.lock",
			);
			name = "[CP] Check Pods Manifest.lock";
			outputFileListPaths = (
			);
			outputPaths = (
				"$(DERIVED_FILE_DIR)/Pods-RxPokedexTests-checkManifestLockResult.txt",
			);
			runOnlyForDeploymentPostprocessing = 0;
			shellPath = /bin/sh;
			shellScript = "diff \"${PODS_PODFILE_DIR_PATH}/Podfile.lock\" \"${PODS_ROOT}/Manifest.lock\" > /dev/null\nif [ $? != 0 ] ; then\n    # print error to STDERR\n    echo \"error: The sandbox is not in sync with the Podfile.lock. Run 'pod install' or update your CocoaPods installation.\" >&2\n    exit 1\nfi\n# This output is used by Xcode 'outputs' to avoid re-running this script phase.\necho \"SUCCESS\" > \"${SCRIPT_OUTPUT_FILE_0}\"\n";
			showEnvVarsInLog = 0;
		};
		DB71D98FB12F30FE1D94A3A9 /* [CP] Check Pods Manifest.lock */ = {
			isa = PBXShellScriptBuildPhase;
			buildActionMask = 2147483647;
			files = (
			);
			inputFileListPaths = (
			);
			inputPaths = (
				"${PODS_PODFILE_DIR_PATH}/Podfile.lock",
				"${PODS_ROOT}/Manifest.lock",
			);
			name = "[CP] Check Pods Manifest.lock";
			outputFileListPaths = (
			);
			outputPaths = (
				"$(DERIVED_FILE_DIR)/Pods-RxPokedex-checkManifestLockResult.txt",
			);
			runOnlyForDeploymentPostprocessing = 0;
			shellPath = /bin/sh;
			shellScript = "diff \"${PODS_PODFILE_DIR_PATH}/Podfile.lock\" \"${PODS_ROOT}/Manifest.lock\" > /dev/null\nif [ $? != 0 ] ; then\n    # print error to STDERR\n    echo \"error: The sandbox is not in sync with the Podfile.lock. Run 'pod install' or update your CocoaPods installation.\" >&2\n    exit 1\nfi\n# This output is used by Xcode 'outputs' to avoid re-running this script phase.\necho \"SUCCESS\" > \"${SCRIPT_OUTPUT_FILE_0}\"\n";
			showEnvVarsInLog = 0;
		};
		F3D43F8A1B5E48B7E974A7FD /* [CP] Check Pods Manifest.lock */ = {
			isa = PBXShellScriptBuildPhase;
			buildActionMask = 2147483647;
			files = (
			);
			inputFileListPaths = (
			);
			inputPaths = (
				"${PODS_PODFILE_DIR_PATH}/Podfile.lock",
				"${PODS_ROOT}/Manifest.lock",
			);
			name = "[CP] Check Pods Manifest.lock";
			outputFileListPaths = (
			);
			outputPaths = (
				"$(DERIVED_FILE_DIR)/Pods-RxPokedex-RxPokedexUITests-checkManifestLockResult.txt",
			);
			runOnlyForDeploymentPostprocessing = 0;
			shellPath = /bin/sh;
			shellScript = "diff \"${PODS_PODFILE_DIR_PATH}/Podfile.lock\" \"${PODS_ROOT}/Manifest.lock\" > /dev/null\nif [ $? != 0 ] ; then\n    # print error to STDERR\n    echo \"error: The sandbox is not in sync with the Podfile.lock. Run 'pod install' or update your CocoaPods installation.\" >&2\n    exit 1\nfi\n# This output is used by Xcode 'outputs' to avoid re-running this script phase.\necho \"SUCCESS\" > \"${SCRIPT_OUTPUT_FILE_0}\"\n";
			showEnvVarsInLog = 0;
		};
/* End PBXShellScriptBuildPhase section */

/* Begin PBXSourcesBuildPhase section */
		91E3E101292E855C000B9954 /* Sources */ = {
			isa = PBXSourcesBuildPhase;
			buildActionMask = 2147483647;
			files = (
				83F78511293C307F00B3D203 /* PokemonDetail.swift in Sources */,
				91E3E109292E855C000B9954 /* AppDelegate.swift in Sources */,
				83920FBA29347FD9003111EF /* GetPokemonListUseCaseImp.swift in Sources */,
				91147D7629314F85003C3265 /* HomeFactory.swift in Sources */,
				83920FAE29345FEC003111EF /* PokemonListEndpoint.swift in Sources */,
				83920FA0293449CD003111EF /* HTTPClient.swift in Sources */,
				83920FB629346E16003111EF /* PokemonListRepositoryImp.swift in Sources */,
				91147D6F29314B91003C3265 /* Coordinator.swift in Sources */,
				91E3E10B292E855C000B9954 /* SceneDelegate.swift in Sources */,
				9183DE71292E903B00852098 /* HomeViewController.swift in Sources */,
				83F78515293C312100B3D203 /* PokemonDetailRepository.swift in Sources */,
				83920FA4293453E1003111EF /* HTTPClientError.swift in Sources */,
				83920FB229346490003111EF /* GetPokemonListUseCase.swift in Sources */,
				91147D7129314C2A003C3265 /* HomeCoordinator.swift in Sources */,
				83920FB0293460AA003111EF /* Pokemon.swift in Sources */,
				83F78517293C317D00B3D203 /* PokemonDetailEndpoint.swift in Sources */,
				83920FA7293454EB003111EF /* PokemonView.swift in Sources */,
				83920FBC29348073003111EF /* PokemonListViewModel.swift in Sources */,
				83920FAC29345E97003111EF /* Endpoint.swift in Sources */,
				83F7850B293C207500B3D203 /* DetailFactory.swift in Sources */,
				8318A8BC293BF8EF003F6EA7 /* PokemonViewViewModel.swift in Sources */,
				83AB4FDC293C19DD0055F64E /* PokemonDetailViewController.swift in Sources */,
				83F7850F293C2C6B00B3D203 /* PokemonDetailViewModel.swift in Sources */,
				83F78513293C30D500B3D203 /* GetPokemonDetailUseCase.swift in Sources */,
				83F7851B293C33F700B3D203 /* GetPokemonDetailUseCaseImp.swift in Sources */,
				83F78519293C324500B3D203 /* PokemonDetailRepositoryImp.swift in Sources */,
				83920FA22934526B003111EF /* URLSessionHTTPClient.swift in Sources */,
				83920FB4293464FD003111EF /* PokemonListRepository.swift in Sources */,
			);
			runOnlyForDeploymentPostprocessing = 0;
		};
		91E3E117292E855F000B9954 /* Sources */ = {
			isa = PBXSourcesBuildPhase;
			buildActionMask = 2147483647;
			files = (
				91E3E120292E855F000B9954 /* RxPokedexTests.swift in Sources */,
			);
			runOnlyForDeploymentPostprocessing = 0;
		};
		91E3E121292E855F000B9954 /* Sources */ = {
			isa = PBXSourcesBuildPhase;
			buildActionMask = 2147483647;
			files = (
				91E3E12A292E855F000B9954 /* RxPokedexUITests.swift in Sources */,
				91E3E12C292E855F000B9954 /* RxPokedexUITestsLaunchTests.swift in Sources */,
			);
			runOnlyForDeploymentPostprocessing = 0;
		};
/* End PBXSourcesBuildPhase section */

/* Begin PBXTargetDependency section */
		91E3E11D292E855F000B9954 /* PBXTargetDependency */ = {
			isa = PBXTargetDependency;
			target = 91E3E104292E855C000B9954 /* RxPokedex */;
			targetProxy = 91E3E11C292E855F000B9954 /* PBXContainerItemProxy */;
		};
		91E3E127292E855F000B9954 /* PBXTargetDependency */ = {
			isa = PBXTargetDependency;
			target = 91E3E104292E855C000B9954 /* RxPokedex */;
			targetProxy = 91E3E126292E855F000B9954 /* PBXContainerItemProxy */;
		};
/* End PBXTargetDependency section */

/* Begin PBXVariantGroup section */
		91E3E113292E855E000B9954 /* LaunchScreen.storyboard */ = {
			isa = PBXVariantGroup;
			children = (
				91E3E114292E855E000B9954 /* Base */,
			);
			name = LaunchScreen.storyboard;
			sourceTree = "<group>";
		};
/* End PBXVariantGroup section */

/* Begin XCBuildConfiguration section */
		91E3E12D292E855F000B9954 /* Debug */ = {
			isa = XCBuildConfiguration;
			buildSettings = {
				ALWAYS_SEARCH_USER_PATHS = NO;
				CLANG_ANALYZER_NONNULL = YES;
				CLANG_ANALYZER_NUMBER_OBJECT_CONVERSION = YES_AGGRESSIVE;
				CLANG_CXX_LANGUAGE_STANDARD = "gnu++20";
				CLANG_ENABLE_MODULES = YES;
				CLANG_ENABLE_OBJC_ARC = YES;
				CLANG_ENABLE_OBJC_WEAK = YES;
				CLANG_WARN_BLOCK_CAPTURE_AUTORELEASING = YES;
				CLANG_WARN_BOOL_CONVERSION = YES;
				CLANG_WARN_COMMA = YES;
				CLANG_WARN_CONSTANT_CONVERSION = YES;
				CLANG_WARN_DEPRECATED_OBJC_IMPLEMENTATIONS = YES;
				CLANG_WARN_DIRECT_OBJC_ISA_USAGE = YES_ERROR;
				CLANG_WARN_DOCUMENTATION_COMMENTS = YES;
				CLANG_WARN_EMPTY_BODY = YES;
				CLANG_WARN_ENUM_CONVERSION = YES;
				CLANG_WARN_INFINITE_RECURSION = YES;
				CLANG_WARN_INT_CONVERSION = YES;
				CLANG_WARN_NON_LITERAL_NULL_CONVERSION = YES;
				CLANG_WARN_OBJC_IMPLICIT_RETAIN_SELF = YES;
				CLANG_WARN_OBJC_LITERAL_CONVERSION = YES;
				CLANG_WARN_OBJC_ROOT_CLASS = YES_ERROR;
				CLANG_WARN_QUOTED_INCLUDE_IN_FRAMEWORK_HEADER = YES;
				CLANG_WARN_RANGE_LOOP_ANALYSIS = YES;
				CLANG_WARN_STRICT_PROTOTYPES = YES;
				CLANG_WARN_SUSPICIOUS_MOVE = YES;
				CLANG_WARN_UNGUARDED_AVAILABILITY = YES_AGGRESSIVE;
				CLANG_WARN_UNREACHABLE_CODE = YES;
				CLANG_WARN__DUPLICATE_METHOD_MATCH = YES;
				COPY_PHASE_STRIP = NO;
				DEBUG_INFORMATION_FORMAT = dwarf;
				ENABLE_STRICT_OBJC_MSGSEND = YES;
				ENABLE_TESTABILITY = YES;
				GCC_C_LANGUAGE_STANDARD = gnu11;
				GCC_DYNAMIC_NO_PIC = NO;
				GCC_NO_COMMON_BLOCKS = YES;
				GCC_OPTIMIZATION_LEVEL = 0;
				GCC_PREPROCESSOR_DEFINITIONS = (
					"DEBUG=1",
					"$(inherited)",
				);
				GCC_WARN_64_TO_32_BIT_CONVERSION = YES;
				GCC_WARN_ABOUT_RETURN_TYPE = YES_ERROR;
				GCC_WARN_UNDECLARED_SELECTOR = YES;
				GCC_WARN_UNINITIALIZED_AUTOS = YES_AGGRESSIVE;
				GCC_WARN_UNUSED_FUNCTION = YES;
				GCC_WARN_UNUSED_VARIABLE = YES;
				IPHONEOS_DEPLOYMENT_TARGET = 16.1;
				MTL_ENABLE_DEBUG_INFO = INCLUDE_SOURCE;
				MTL_FAST_MATH = YES;
				ONLY_ACTIVE_ARCH = YES;
				SDKROOT = iphoneos;
				SWIFT_ACTIVE_COMPILATION_CONDITIONS = DEBUG;
				SWIFT_OPTIMIZATION_LEVEL = "-Onone";
			};
			name = Debug;
		};
		91E3E12E292E855F000B9954 /* Release */ = {
			isa = XCBuildConfiguration;
			buildSettings = {
				ALWAYS_SEARCH_USER_PATHS = NO;
				CLANG_ANALYZER_NONNULL = YES;
				CLANG_ANALYZER_NUMBER_OBJECT_CONVERSION = YES_AGGRESSIVE;
				CLANG_CXX_LANGUAGE_STANDARD = "gnu++20";
				CLANG_ENABLE_MODULES = YES;
				CLANG_ENABLE_OBJC_ARC = YES;
				CLANG_ENABLE_OBJC_WEAK = YES;
				CLANG_WARN_BLOCK_CAPTURE_AUTORELEASING = YES;
				CLANG_WARN_BOOL_CONVERSION = YES;
				CLANG_WARN_COMMA = YES;
				CLANG_WARN_CONSTANT_CONVERSION = YES;
				CLANG_WARN_DEPRECATED_OBJC_IMPLEMENTATIONS = YES;
				CLANG_WARN_DIRECT_OBJC_ISA_USAGE = YES_ERROR;
				CLANG_WARN_DOCUMENTATION_COMMENTS = YES;
				CLANG_WARN_EMPTY_BODY = YES;
				CLANG_WARN_ENUM_CONVERSION = YES;
				CLANG_WARN_INFINITE_RECURSION = YES;
				CLANG_WARN_INT_CONVERSION = YES;
				CLANG_WARN_NON_LITERAL_NULL_CONVERSION = YES;
				CLANG_WARN_OBJC_IMPLICIT_RETAIN_SELF = YES;
				CLANG_WARN_OBJC_LITERAL_CONVERSION = YES;
				CLANG_WARN_OBJC_ROOT_CLASS = YES_ERROR;
				CLANG_WARN_QUOTED_INCLUDE_IN_FRAMEWORK_HEADER = YES;
				CLANG_WARN_RANGE_LOOP_ANALYSIS = YES;
				CLANG_WARN_STRICT_PROTOTYPES = YES;
				CLANG_WARN_SUSPICIOUS_MOVE = YES;
				CLANG_WARN_UNGUARDED_AVAILABILITY = YES_AGGRESSIVE;
				CLANG_WARN_UNREACHABLE_CODE = YES;
				CLANG_WARN__DUPLICATE_METHOD_MATCH = YES;
				COPY_PHASE_STRIP = NO;
				DEBUG_INFORMATION_FORMAT = "dwarf-with-dsym";
				ENABLE_NS_ASSERTIONS = NO;
				ENABLE_STRICT_OBJC_MSGSEND = YES;
				GCC_C_LANGUAGE_STANDARD = gnu11;
				GCC_NO_COMMON_BLOCKS = YES;
				GCC_WARN_64_TO_32_BIT_CONVERSION = YES;
				GCC_WARN_ABOUT_RETURN_TYPE = YES_ERROR;
				GCC_WARN_UNDECLARED_SELECTOR = YES;
				GCC_WARN_UNINITIALIZED_AUTOS = YES_AGGRESSIVE;
				GCC_WARN_UNUSED_FUNCTION = YES;
				GCC_WARN_UNUSED_VARIABLE = YES;
				IPHONEOS_DEPLOYMENT_TARGET = 16.1;
				MTL_ENABLE_DEBUG_INFO = NO;
				MTL_FAST_MATH = YES;
				SDKROOT = iphoneos;
				SWIFT_COMPILATION_MODE = wholemodule;
				SWIFT_OPTIMIZATION_LEVEL = "-O";
				VALIDATE_PRODUCT = YES;
			};
			name = Release;
		};
		91E3E130292E855F000B9954 /* Debug */ = {
			isa = XCBuildConfiguration;
			baseConfigurationReference = 4266DB437D442B0032E3BF2D /* Pods-RxPokedex.debug.xcconfig */;
			buildSettings = {
				ASSETCATALOG_COMPILER_APPICON_NAME = AppIcon;
				ASSETCATALOG_COMPILER_GLOBAL_ACCENT_COLOR_NAME = AccentColor;
				CODE_SIGN_STYLE = Automatic;
				CURRENT_PROJECT_VERSION = 1;
				GENERATE_INFOPLIST_FILE = YES;
				INFOPLIST_FILE = RxPokedex/Info.plist;
				INFOPLIST_KEY_UIApplicationSupportsIndirectInputEvents = YES;
				INFOPLIST_KEY_UILaunchStoryboardName = "";
				INFOPLIST_KEY_UIMainStoryboardFile = "";
				INFOPLIST_KEY_UISupportedInterfaceOrientations_iPad = "UIInterfaceOrientationPortrait UIInterfaceOrientationPortraitUpsideDown UIInterfaceOrientationLandscapeLeft UIInterfaceOrientationLandscapeRight";
				INFOPLIST_KEY_UISupportedInterfaceOrientations_iPhone = "UIInterfaceOrientationPortrait UIInterfaceOrientationLandscapeLeft UIInterfaceOrientationLandscapeRight";
				LD_RUNPATH_SEARCH_PATHS = (
					"$(inherited)",
					"@executable_path/Frameworks",
				);
				MARKETING_VERSION = 1.0;
				PRODUCT_BUNDLE_IDENTIFIER = com.dulce.RxPokedex;
				PRODUCT_NAME = "$(TARGET_NAME)";
				SWIFT_EMIT_LOC_STRINGS = YES;
				SWIFT_VERSION = 5.0;
				TARGETED_DEVICE_FAMILY = "1,2";
			};
			name = Debug;
		};
		91E3E131292E855F000B9954 /* Release */ = {
			isa = XCBuildConfiguration;
			baseConfigurationReference = CC15900B2561E703AAD53302 /* Pods-RxPokedex.release.xcconfig */;
			buildSettings = {
				ASSETCATALOG_COMPILER_APPICON_NAME = AppIcon;
				ASSETCATALOG_COMPILER_GLOBAL_ACCENT_COLOR_NAME = AccentColor;
				CODE_SIGN_STYLE = Automatic;
				CURRENT_PROJECT_VERSION = 1;
				GENERATE_INFOPLIST_FILE = YES;
				INFOPLIST_FILE = RxPokedex/Info.plist;
				INFOPLIST_KEY_UIApplicationSupportsIndirectInputEvents = YES;
				INFOPLIST_KEY_UILaunchStoryboardName = "";
				INFOPLIST_KEY_UIMainStoryboardFile = "";
				INFOPLIST_KEY_UISupportedInterfaceOrientations_iPad = "UIInterfaceOrientationPortrait UIInterfaceOrientationPortraitUpsideDown UIInterfaceOrientationLandscapeLeft UIInterfaceOrientationLandscapeRight";
				INFOPLIST_KEY_UISupportedInterfaceOrientations_iPhone = "UIInterfaceOrientationPortrait UIInterfaceOrientationLandscapeLeft UIInterfaceOrientationLandscapeRight";
				LD_RUNPATH_SEARCH_PATHS = (
					"$(inherited)",
					"@executable_path/Frameworks",
				);
				MARKETING_VERSION = 1.0;
				PRODUCT_BUNDLE_IDENTIFIER = com.dulce.RxPokedex;
				PRODUCT_NAME = "$(TARGET_NAME)";
				SWIFT_EMIT_LOC_STRINGS = YES;
				SWIFT_VERSION = 5.0;
				TARGETED_DEVICE_FAMILY = "1,2";
			};
			name = Release;
		};
		91E3E133292E855F000B9954 /* Debug */ = {
			isa = XCBuildConfiguration;
			baseConfigurationReference = FF5BB0A63B5AC66B041A3F25 /* Pods-RxPokedexTests.debug.xcconfig */;
			buildSettings = {
				ALWAYS_EMBED_SWIFT_STANDARD_LIBRARIES = YES;
				BUNDLE_LOADER = "$(TEST_HOST)";
				CODE_SIGN_STYLE = Automatic;
				CURRENT_PROJECT_VERSION = 1;
				GENERATE_INFOPLIST_FILE = YES;
				IPHONEOS_DEPLOYMENT_TARGET = 16.1;
				MARKETING_VERSION = 1.0;
				PRODUCT_BUNDLE_IDENTIFIER = com.dulce.RxPokedexTests;
				PRODUCT_NAME = "$(TARGET_NAME)";
				SWIFT_EMIT_LOC_STRINGS = NO;
				SWIFT_VERSION = 5.0;
				TARGETED_DEVICE_FAMILY = "1,2";
				TEST_HOST = "$(BUILT_PRODUCTS_DIR)/RxPokedex.app/$(BUNDLE_EXECUTABLE_FOLDER_PATH)/RxPokedex";
			};
			name = Debug;
		};
		91E3E134292E855F000B9954 /* Release */ = {
			isa = XCBuildConfiguration;
			baseConfigurationReference = 7F06515750AED9A4D31392C9 /* Pods-RxPokedexTests.release.xcconfig */;
			buildSettings = {
				ALWAYS_EMBED_SWIFT_STANDARD_LIBRARIES = YES;
				BUNDLE_LOADER = "$(TEST_HOST)";
				CODE_SIGN_STYLE = Automatic;
				CURRENT_PROJECT_VERSION = 1;
				GENERATE_INFOPLIST_FILE = YES;
				IPHONEOS_DEPLOYMENT_TARGET = 16.1;
				MARKETING_VERSION = 1.0;
				PRODUCT_BUNDLE_IDENTIFIER = com.dulce.RxPokedexTests;
				PRODUCT_NAME = "$(TARGET_NAME)";
				SWIFT_EMIT_LOC_STRINGS = NO;
				SWIFT_VERSION = 5.0;
				TARGETED_DEVICE_FAMILY = "1,2";
				TEST_HOST = "$(BUILT_PRODUCTS_DIR)/RxPokedex.app/$(BUNDLE_EXECUTABLE_FOLDER_PATH)/RxPokedex";
			};
			name = Release;
		};
		91E3E136292E855F000B9954 /* Debug */ = {
			isa = XCBuildConfiguration;
			baseConfigurationReference = A7F89EC678B8454BE0885B1B /* Pods-RxPokedex-RxPokedexUITests.debug.xcconfig */;
			buildSettings = {
				ALWAYS_EMBED_SWIFT_STANDARD_LIBRARIES = YES;
				CODE_SIGN_STYLE = Automatic;
				CURRENT_PROJECT_VERSION = 1;
				GENERATE_INFOPLIST_FILE = YES;
				MARKETING_VERSION = 1.0;
				PRODUCT_BUNDLE_IDENTIFIER = com.dulce.RxPokedexUITests;
				PRODUCT_NAME = "$(TARGET_NAME)";
				SWIFT_EMIT_LOC_STRINGS = NO;
				SWIFT_VERSION = 5.0;
				TARGETED_DEVICE_FAMILY = "1,2";
				TEST_TARGET_NAME = RxPokedex;
			};
			name = Debug;
		};
		91E3E137292E855F000B9954 /* Release */ = {
			isa = XCBuildConfiguration;
			baseConfigurationReference = AC1D95534CE63C99F964F4A5 /* Pods-RxPokedex-RxPokedexUITests.release.xcconfig */;
			buildSettings = {
				ALWAYS_EMBED_SWIFT_STANDARD_LIBRARIES = YES;
				CODE_SIGN_STYLE = Automatic;
				CURRENT_PROJECT_VERSION = 1;
				GENERATE_INFOPLIST_FILE = YES;
				MARKETING_VERSION = 1.0;
				PRODUCT_BUNDLE_IDENTIFIER = com.dulce.RxPokedexUITests;
				PRODUCT_NAME = "$(TARGET_NAME)";
				SWIFT_EMIT_LOC_STRINGS = NO;
				SWIFT_VERSION = 5.0;
				TARGETED_DEVICE_FAMILY = "1,2";
				TEST_TARGET_NAME = RxPokedex;
			};
			name = Release;
		};
/* End XCBuildConfiguration section */

/* Begin XCConfigurationList section */
		91E3E100292E855C000B9954 /* Build configuration list for PBXProject "RxPokedex" */ = {
			isa = XCConfigurationList;
			buildConfigurations = (
				91E3E12D292E855F000B9954 /* Debug */,
				91E3E12E292E855F000B9954 /* Release */,
			);
			defaultConfigurationIsVisible = 0;
			defaultConfigurationName = Release;
		};
		91E3E12F292E855F000B9954 /* Build configuration list for PBXNativeTarget "RxPokedex" */ = {
			isa = XCConfigurationList;
			buildConfigurations = (
				91E3E130292E855F000B9954 /* Debug */,
				91E3E131292E855F000B9954 /* Release */,
			);
			defaultConfigurationIsVisible = 0;
			defaultConfigurationName = Release;
		};
		91E3E132292E855F000B9954 /* Build configuration list for PBXNativeTarget "RxPokedexTests" */ = {
			isa = XCConfigurationList;
			buildConfigurations = (
				91E3E133292E855F000B9954 /* Debug */,
				91E3E134292E855F000B9954 /* Release */,
			);
			defaultConfigurationIsVisible = 0;
			defaultConfigurationName = Release;
		};
		91E3E135292E855F000B9954 /* Build configuration list for PBXNativeTarget "RxPokedexUITests" */ = {
			isa = XCConfigurationList;
			buildConfigurations = (
				91E3E136292E855F000B9954 /* Debug */,
				91E3E137292E855F000B9954 /* Release */,
			);
			defaultConfigurationIsVisible = 0;
			defaultConfigurationName = Release;
		};
/* End XCConfigurationList section */
	};
	rootObject = 91E3E0FD292E855C000B9954 /* Project object */;
}
